
Microsoft Visual Studio Solution File, Format Version 12.00
# Visual Studio Version 16
VisualStudioVersion = 16.0.28803.202
MinimumVisualStudioVersion = 10.0.40219.1
Project("{6870E480-7721-4708-BFB8-9AE898AA21B3}") = "ssas-tab-mult-parents", "ssas-tab-mult-parents\ssas-tab-mult-parents.smproj", "{8CE414BB-95B2-4C99-9E03-51BA72086E22}"
EndProject
Project("{6870E480-7721-4708-BFB8-9AE898AA21B3}") = "ssas-tab-mult-parents-2", "ssas-tab-mult-parents-2\ssas-tab-mult-parents-2.smproj", "{A39CAEA8-7FF8-4BCE-AA31-784021F41CF1}"
EndProject
Global
	GlobalSection(SolutionConfigurationPlatforms) = preSolution
		Development|x86 = Development|x86
	EndGlobalSection
	GlobalSection(ProjectConfigurationPlatforms) = postSolution
		{8CE414BB-95B2-4C99-9E03-51BA72086E22}.Development|x86.ActiveCfg = Development|x86
		{8CE414BB-95B2-4C99-9E03-51BA72086E22}.Development|x86.Build.0 = Development|x86
		{8CE414BB-95B2-4C99-9E03-51BA72086E22}.Development|x86.Deploy.0 = Development|x86
		{A39CAEA8-7FF8-4BCE-AA31-784021F41CF1}.Development|x86.ActiveCfg = Development|x86
		{A39CAEA8-7FF8-4BCE-AA31-784021F41CF1}.Development|x86.Build.0 = Development|x86
		{A39CAEA8-7FF8-4BCE-AA31-784021F41CF1}.Development|x86.Deploy.0 = Development|x86
	EndGlobalSection
	GlobalSection(SolutionProperties) = preSolution
		HideSolutionNode = FALSE
	EndGlobalSection
	GlobalSection(ExtensibilityGlobals) = postSolution
		SolutionGuid = {466DC02E-FBFF-48CD-8BF9-C45D7957F37B}
	EndGlobalSection
EndGlobal
